
Microsoft Visual Studio Solution File, Format Version 12.00
# Visual Studio 2012
Project("{FAE04EC0-301F-11D3-BF4B-00C04F79EFBC}") = "student", "student\student.csproj", "{BCC816B5-98AA-41BF-8DBC-35822882E019}"
EndProject
Project("{6141683F-8A12-4E36-9623-2EB02B2C2303}") = "Setup1", "Setup1\Setup1.isproj", "{FFDD788C-3436-4DEC-A32A-C72C71C9C2E9}"
EndProject
Global
	GlobalSection(SolutionConfigurationPlatforms) = preSolution
		CD_ROM|Any CPU = CD_ROM|Any CPU
		Debug|Any CPU = Debug|Any CPU
		DVD-5|Any CPU = DVD-5|Any CPU
		Release|Any CPU = Release|Any CPU
		SingleImage|Any CPU = SingleImage|Any CPU
	EndGlobalSection
	GlobalSection(ProjectConfigurationPlatforms) = postSolution
		{BCC816B5-98AA-41BF-8DBC-35822882E019}.CD_ROM|Any CPU.ActiveCfg = Release|Any CPU
		{BCC816B5-98AA-41BF-8DBC-35822882E019}.CD_ROM|Any CPU.Build.0 = Release|Any CPU
		{BCC816B5-98AA-41BF-8DBC-35822882E019}.Debug|Any CPU.ActiveCfg = Debug|Any CPU
		{BCC816B5-98AA-41BF-8DBC-35822882E019}.Debug|Any CPU.Build.0 = Debug|Any CPU
		{BCC816B5-98AA-41BF-8DBC-35822882E019}.DVD-5|Any CPU.ActiveCfg = Debug|Any CPU
		{BCC816B5-98AA-41BF-8DBC-35822882E019}.DVD-5|Any CPU.Build.0 = Debug|Any CPU
		{BCC816B5-98AA-41BF-8DBC-35822882E019}.Release|Any CPU.ActiveCfg = Release|Any CPU
		{BCC816B5-98AA-41BF-8DBC-35822882E019}.Release|Any CPU.Build.0 = Release|Any CPU
		{BCC816B5-98AA-41BF-8DBC-35822882E019}.SingleImage|Any CPU.ActiveCfg = Debug|Any CPU
		{BCC816B5-98AA-41BF-8DBC-35822882E019}.SingleImage|Any CPU.Build.0 = Debug|Any CPU
		{FFDD788C-3436-4DEC-A32A-C72C71C9C2E9}.CD_ROM|Any CPU.ActiveCfg = CD_ROM
		{FFDD788C-3436-4DEC-A32A-C72C71C9C2E9}.CD_ROM|Any CPU.Build.0 = CD_ROM
		{FFDD788C-3436-4DEC-A32A-C72C71C9C2E9}.Debug|Any CPU.ActiveCfg = DVD-5
		{FFDD788C-3436-4DEC-A32A-C72C71C9C2E9}.Debug|Any CPU.Build.0 = DVD-5
		{FFDD788C-3436-4DEC-A32A-C72C71C9C2E9}.DVD-5|Any CPU.ActiveCfg = DVD-5
		{FFDD788C-3436-4DEC-A32A-C72C71C9C2E9}.DVD-5|Any CPU.Build.0 = DVD-5
		{FFDD788C-3436-4DEC-A32A-C72C71C9C2E9}.Release|Any CPU.ActiveCfg = SingleImage
		{FFDD788C-3436-4DEC-A32A-C72C71C9C2E9}.Release|Any CPU.Build.0 = SingleImage
		{FFDD788C-3436-4DEC-A32A-C72C71C9C2E9}.SingleImage|Any CPU.ActiveCfg = SingleImage
		{FFDD788C-3436-4DEC-A32A-C72C71C9C2E9}.SingleImage|Any CPU.Build.0 = SingleImage
		{FFDD788C-3436-4DEC-A32A-C72C71C9C2E9}.SingleImage|Any CPU.Deploy.0 = SingleImage
	EndGlobalSection
	GlobalSection(SolutionProperties) = preSolution
		HideSolutionNode = FALSE
	EndGlobalSection
EndGlobal
